# THIS IS AN AUTOGENERATED FILE. DO NOT EDIT THIS FILE DIRECTLY.
# yarn lockfile v1


"@hexagon/base64@^1.0.18":
  version "1.1.25"
  resolved "https://registry.yarnpkg.com/@hexagon/base64/-/base64-1.1.25.tgz#fcb0ede575a853525d4eeb8c3718ef695bb2147f"
  integrity sha512-BaG1ep08FpbHB11ck2aH4bvXvoFUn0GPireHCa92Sl1f8JCQnIboBEAJ4FmonIx67S00Mf3h7P8nJqeznFWGcQ==

busboy@^0.3.0:
  version "0.3.1"
  resolved "https://registry.yarnpkg.com/busboy/-/busboy-0.3.1.tgz#170899274c5bf38aae27d5c62b71268cd585fd1b"
  integrity sha512-y7tTxhGKXcyBxRKAni+awqx8uqaJKrSFSNFSeRG5CsWNdmy2BIK+6VGWEW7TZnIO/533mtMEA4rOevQV815YJw==
  dependencies:
    dicer "0.3.0"

debug@^3.1.0:
  version "3.2.7"
  resolved "https://registry.yarnpkg.com/debug/-/debug-3.2.7.tgz#72580b7e9145fb39b6676f9c5e5fb100b934179a"
  integrity sha512-CFjzYYAi4ThfiQvizrFQevTTXHtnCqWfe7x1AhgEscTz6ZbLbfoLRLPugTQyBth6f8ZERVUSyWHFD/7Wu4t1XQ==
  dependencies:
    ms "^2.1.1"

dicer@0.3.0:
  version "0.3.0"
  resolved "https://registry.yarnpkg.com/dicer/-/dicer-0.3.0.tgz#eacd98b3bfbf92e8ab5c2fdb71aaac44bb06b872"
  integrity sha512-MdceRRWqltEG2dZqO769g27N/3PXfcKl04VhYnBlo2YhH7zPi88VebsjTKclaOyiuMaGU72hTfw3VkUitGcVCA==
  dependencies:
    streamsearch "0.1.2"

lambda-multipart-parser@^1.0.1:
  version "1.0.1"
  resolved "https://registry.yarnpkg.com/lambda-multipart-parser/-/lambda-multipart-parser-1.0.1.tgz#cb419916eb174e2bf26dcd75b3fab39603104615"
  integrity sha512-5FKqZAoJuAXJXIAQvr/60vpB/Cf0+tds/V6896ZwpoAldHL7+INviVhbGzQIjmmtgw9oaig13q6kHwlnFT/NqA==
  dependencies:
    busboy "^0.3.0"

mimemessage@^1.0.5:
  version "1.0.5"
  resolved "https://registry.yarnpkg.com/mimemessage/-/mimemessage-1.0.5.tgz#ad7555a6cd854de699286636505762d8771df9f8"
  integrity sha512-SCLRPGzMRssW7mKF8gg3ZbpDZ+6HTfXGK78LQ/CAHJcJZr5jQmmCKGbG3y5ut8UP5unxBF/9KkED0xmk3vt8NA==
  dependencies:
    debug "^3.1.0"
    random-string "^0.2.0"

ms@^2.1.1:
  version "2.1.3"
  resolved "https://registry.yarnpkg.com/ms/-/ms-2.1.3.tgz#574c8138ce1d2b5861f0b44579dbadd60c6615b2"
  integrity sha512-6FlzubTLZG3J2a/NVCAleEhjzq5oxgHyaCU9yYXvcLsvoVaHJq/s5xXI6/XXP6tz7R9xAOtHnSO/tXtF3WRTlA==

random-string@^0.2.0:
  version "0.2.0"
  resolved "https://registry.yarnpkg.com/random-string/-/random-string-0.2.0.tgz#a46e4375352beda9a0d7b0d19ed6d321ecd1d82d"
  integrity sha512-isA91IquV3ZrFbvwkAtExP8aGL+csx3KGEsEJrvCidzOHioPl5B5g7WyJlk0lMkEz5/i1PqrWTvcdtJHPtrp1g==

streamsearch@0.1.2:
  version "0.1.2"
  resolved "https://registry.yarnpkg.com/streamsearch/-/streamsearch-0.1.2.tgz#808b9d0e56fc273d809ba57338e929919a1a9f1a"
  integrity sha512-jos8u++JKm0ARcSUTAZXOVC0mSox7Bhn6sBgty73P1f3JGf7yG2clTbBNHUdde/kdvP2FESam+vM6l8jBrNxHA==
